{
  "version": 4,
  "terraform_version": "1.1.8",
  "serial": 34,
  "lineage": "dcba54ae-eb0a-cfb0-898d-51b658da82aa",
  "outputs": {},
  "resources": [
    {
      "mode": "managed",
      "type": "azurerm_log_analytics_workspace",
      "name": "DOJO-LAW",
      "provider": "provider[\"registry.terraform.io/hashicorp/azurerm\"]",
      "instances": [
        {
          "schema_version": 2,
          "attributes": {
            "allow_resource_only_permissions": true,
            "cmk_for_query_forced": false,
            "daily_quota_gb": -1,
            "id": "/subscriptions/958e1f62-4909-4d54-a37d-2a4beaa4737b/resourceGroups/DOJO-HP/providers/Microsoft.OperationalInsights/workspaces/DOJO-LAW",
            "internet_ingestion_enabled": true,
            "internet_query_enabled": true,
            "location": "eastus",
            "name": "DOJO-LAW",
            "primary_shared_key": "Q9Thu03u4N7do6pqineu9537q7Ke/E7b+OkpocPzYWsTsCsI3vvFl2941q1v7hc1JwGBD7/JtWSYgbM10YR6Uw==",
            "reservation_capacity_in_gb_per_day": null,
            "resource_group_name": "DOJO-HP",
            "retention_in_days": 30,
            "secondary_shared_key": "dLUPJA0ZDvpOEMY3THEkuOBi6ZZrtApWfuANzb7JdtPX5doFBWnetJvES5wr0lmk10OmloJ58Z7Rwcbyypa4Ow==",
            "sku": "PerGB2018",
            "tags": {},
            "timeouts": null,
            "workspace_id": "cde10ff1-c6ec-4f0f-b02e-4d5ca3738133"
          },
          "sensitive_attributes": [],
          "private": "eyJlMmJmYjczMC1lY2FhLTExZTYtOGY4OC0zNDM2M2JjN2M0YzAiOnsiY3JlYXRlIjoxODAwMDAwMDAwMDAwLCJkZWxldGUiOjE4MDAwMDAwMDAwMDAsInJlYWQiOjMwMDAwMDAwMDAwMCwidXBkYXRlIjoxODAwMDAwMDAwMDAwfSwic2NoZW1hX3ZlcnNpb24iOiIyIn0=",
          "dependencies": [
            "azurerm_resource_group.DOJO-HP"
          ]
        }
      ]
    },
    {
      "mode": "managed",
      "type": "azurerm_network_interface",
      "name": "DOJO-nic",
      "provider": "provider[\"registry.terraform.io/hashicorp/azurerm\"]",
      "instances": [
        {
          "schema_version": 0,
          "attributes": {
            "applied_dns_servers": [],
            "dns_servers": [],
            "edge_zone": "",
            "enable_accelerated_networking": false,
            "enable_ip_forwarding": false,
            "id": "/subscriptions/958e1f62-4909-4d54-a37d-2a4beaa4737b/resourceGroups/DOJO-HP/providers/Microsoft.Network/networkInterfaces/DOJO-nic",
            "internal_dns_name_label": "",
            "internal_domain_name_suffix": "zatobht3230exjdhpeuawm4aka.bx.internal.cloudapp.net",
            "ip_configuration": [
              {
                "gateway_load_balancer_frontend_ip_configuration_id": "",
                "name": "internal",
                "primary": true,
                "private_ip_address": "10.0.2.4",
                "private_ip_address_allocation": "Dynamic",
                "private_ip_address_version": "IPv4",
                "public_ip_address_id": "/subscriptions/958e1f62-4909-4d54-a37d-2a4beaa4737b/resourceGroups/DOJO-HP/providers/Microsoft.Network/publicIPAddresses/dojo-ip",
                "subnet_id": "/subscriptions/958e1f62-4909-4d54-a37d-2a4beaa4737b/resourceGroups/DOJO-HP/providers/Microsoft.Network/virtualNetworks/DOJO-network/subnets/DOJO-subnet"
              }
            ],
            "location": "eastus",
            "mac_address": "00-22-48-26-AB-B5",
            "name": "DOJO-nic",
            "private_ip_address": "10.0.2.4",
            "private_ip_addresses": [
              "10.0.2.4"
            ],
            "resource_group_name": "DOJO-HP",
            "tags": {},
            "timeouts": null,
            "virtual_machine_id": "/subscriptions/958e1f62-4909-4d54-a37d-2a4beaa4737b/resourceGroups/DOJO-HP/providers/Microsoft.Compute/virtualMachines/HoneyPot04"
          },
          "sensitive_attributes": [],
          "private": "eyJlMmJmYjczMC1lY2FhLTExZTYtOGY4OC0zNDM2M2JjN2M0YzAiOnsiY3JlYXRlIjoxODAwMDAwMDAwMDAwLCJkZWxldGUiOjE4MDAwMDAwMDAwMDAsInJlYWQiOjMwMDAwMDAwMDAwMCwidXBkYXRlIjoxODAwMDAwMDAwMDAwfX0=",
          "dependencies": [
            "azurerm_public_ip.DOJO-ip",
            "azurerm_resource_group.DOJO-HP",
            "azurerm_subnet.DOJO-subnet",
            "azurerm_virtual_network.DOJO-network"
          ]
        }
      ]
    },
    {
      "mode": "managed",
      "type": "azurerm_network_security_group",
      "name": "HoneyPot04-nsg",
      "provider": "provider[\"registry.terraform.io/hashicorp/azurerm\"]",
      "instances": [
        {
          "schema_version": 0,
          "attributes": {
            "id": "/subscriptions/958e1f62-4909-4d54-a37d-2a4beaa4737b/resourceGroups/DOJO-HP/providers/Microsoft.Network/networkSecurityGroups/HoneyPot04-nsg",
            "location": "eastus",
            "name": "HoneyPot04-nsg",
            "resource_group_name": "DOJO-HP",
            "security_rule": [
              {
                "access": "Allow",
                "description": "",
                "destination_address_prefix": "*",
                "destination_address_prefixes": [],
                "destination_application_security_group_ids": [],
                "destination_port_range": "*",
                "destination_port_ranges": [],
                "direction": "Inbound",
                "name": "DONOTDOTHIS",
                "priority": 100,
                "protocol": "*",
                "source_address_prefix": "*",
                "source_address_prefixes": [],
                "source_application_security_group_ids": [],
                "source_port_range": "*",
                "source_port_ranges": []
              }
            ],
            "tags": {},
            "timeouts": null
          },
          "sensitive_attributes": [],
          "private": "eyJlMmJmYjczMC1lY2FhLTExZTYtOGY4OC0zNDM2M2JjN2M0YzAiOnsiY3JlYXRlIjoxODAwMDAwMDAwMDAwLCJkZWxldGUiOjE4MDAwMDAwMDAwMDAsInJlYWQiOjMwMDAwMDAwMDAwMCwidXBkYXRlIjoxODAwMDAwMDAwMDAwfX0=",
          "dependencies": [
            "azurerm_resource_group.DOJO-HP"
          ]
        }
      ]
    },
    {
      "mode": "managed",
      "type": "azurerm_resource_group",
      "name": "DOJO-HP",
      "provider": "provider[\"registry.terraform.io/hashicorp/azurerm\"]",
      "instances": [
        {
          "schema_version": 0,
          "attributes": {
            "id": "/subscriptions/958e1f62-4909-4d54-a37d-2a4beaa4737b/resourceGroups/DOJO-HP",
            "location": "eastus",
            "name": "DOJO-HP",
            "tags": {},
            "timeouts": null
          },
          "sensitive_attributes": [],
          "private": "eyJlMmJmYjczMC1lY2FhLTExZTYtOGY4OC0zNDM2M2JjN2M0YzAiOnsiY3JlYXRlIjo1NDAwMDAwMDAwMDAwLCJkZWxldGUiOjU0MDAwMDAwMDAwMDAsInJlYWQiOjMwMDAwMDAwMDAwMCwidXBkYXRlIjo1NDAwMDAwMDAwMDAwfX0="
        }
      ]
    },
    {
      "mode": "managed",
      "type": "azurerm_subnet",
      "name": "DOJO-subnet",
      "provider": "provider[\"registry.terraform.io/hashicorp/azurerm\"]",
      "instances": [
        {
          "schema_version": 0,
          "attributes": {
            "address_prefixes": [
              "10.0.2.0/24"
            ],
            "delegation": [],
            "enforce_private_link_endpoint_network_policies": false,
            "enforce_private_link_service_network_policies": false,
            "id": "/subscriptions/958e1f62-4909-4d54-a37d-2a4beaa4737b/resourceGroups/DOJO-HP/providers/Microsoft.Network/virtualNetworks/DOJO-network/subnets/DOJO-subnet",
            "name": "DOJO-subnet",
            "private_endpoint_network_policies_enabled": true,
            "private_link_service_network_policies_enabled": true,
            "resource_group_name": "DOJO-HP",
            "service_endpoint_policy_ids": [],
            "service_endpoints": [],
            "timeouts": null,
            "virtual_network_name": "DOJO-network"
          },
          "sensitive_attributes": [],
          "private": "eyJlMmJmYjczMC1lY2FhLTExZTYtOGY4OC0zNDM2M2JjN2M0YzAiOnsiY3JlYXRlIjoxODAwMDAwMDAwMDAwLCJkZWxldGUiOjE4MDAwMDAwMDAwMDAsInJlYWQiOjMwMDAwMDAwMDAwMCwidXBkYXRlIjoxODAwMDAwMDAwMDAwfX0=",
          "dependencies": [
            "azurerm_resource_group.DOJO-HP",
            "azurerm_virtual_network.DOJO-network"
          ]
        }
      ]
    },
    {
      "mode": "managed",
      "type": "azurerm_virtual_network",
      "name": "DOJO-network",
      "provider": "provider[\"registry.terraform.io/hashicorp/azurerm\"]",
      "instances": [
        {
          "schema_version": 0,
          "attributes": {
            "address_space": [
              "10.0.0.0/16"
            ],
            "bgp_community": "",
            "ddos_protection_plan": [],
            "dns_servers": [],
            "edge_zone": "",
            "flow_timeout_in_minutes": 0,
            "guid": "9ee026c8-e77d-4b74-a467-79280b33c050",
            "id": "/subscriptions/958e1f62-4909-4d54-a37d-2a4beaa4737b/resourceGroups/DOJO-HP/providers/Microsoft.Network/virtualNetworks/DOJO-network",
            "location": "eastus",
            "name": "DOJO-network",
            "resource_group_name": "DOJO-HP",
            "subnet": [
              {
                "address_prefix": "10.0.2.0/24",
                "id": "/subscriptions/958e1f62-4909-4d54-a37d-2a4beaa4737b/resourceGroups/DOJO-HP/providers/Microsoft.Network/virtualNetworks/DOJO-network/subnets/DOJO-subnet",
                "name": "DOJO-subnet",
                "security_group": ""
              }
            ],
            "tags": {},
            "timeouts": null
          },
          "sensitive_attributes": [],
          "private": "eyJlMmJmYjczMC1lY2FhLTExZTYtOGY4OC0zNDM2M2JjN2M0YzAiOnsiY3JlYXRlIjoxODAwMDAwMDAwMDAwLCJkZWxldGUiOjE4MDAwMDAwMDAwMDAsInJlYWQiOjMwMDAwMDAwMDAwMCwidXBkYXRlIjoxODAwMDAwMDAwMDAwfX0=",
          "dependencies": [
            "azurerm_resource_group.DOJO-HP"
          ]
        }
      ]
    },
    {
      "mode": "managed",
      "type": "azurerm_windows_virtual_machine",
      "name": "HoneyPot04",
      "provider": "provider[\"registry.terraform.io/hashicorp/azurerm\"]",
      "instances": [
        {
          "schema_version": 0,
          "attributes": {
            "additional_capabilities": [],
            "additional_unattend_content": [],
            "admin_password": "M0nkey3DLuffy!988",
            "admin_username": "silverfang88",
            "allow_extension_operations": true,
            "availability_set_id": "",
            "boot_diagnostics": [],
            "capacity_reservation_group_id": "",
            "computer_name": "HoneyPot04",
            "custom_data": null,
            "dedicated_host_group_id": "",
            "dedicated_host_id": "",
            "edge_zone": "",
            "enable_automatic_updates": true,
            "encryption_at_host_enabled": false,
            "eviction_policy": "",
            "extensions_time_budget": "PT1H30M",
            "gallery_application": [],
            "hotpatching_enabled": false,
            "id": "/subscriptions/958e1f62-4909-4d54-a37d-2a4beaa4737b/resourceGroups/DOJO-HP/providers/Microsoft.Compute/virtualMachines/HoneyPot04",
            "identity": [],
            "license_type": "",
            "location": "eastus",
            "max_bid_price": -1,
            "name": "HoneyPot04",
            "network_interface_ids": [
              "/subscriptions/958e1f62-4909-4d54-a37d-2a4beaa4737b/resourceGroups/DOJO-HP/providers/Microsoft.Network/networkInterfaces/DOJO-nic"
            ],
            "os_disk": [
              {
                "caching": "ReadWrite",
                "diff_disk_settings": [],
                "disk_encryption_set_id": "",
                "disk_size_gb": 127,
                "name": "HoneyPot04_OsDisk_1_656f12aa0f0e4cc18463f7b5dd5ebdfb",
                "secure_vm_disk_encryption_set_id": "",
                "security_encryption_type": "",
                "storage_account_type": "Standard_LRS",
                "write_accelerator_enabled": false
              }
            ],
            "patch_assessment_mode": "ImageDefault",
            "patch_mode": "AutomaticByOS",
            "plan": [],
            "platform_fault_domain": -1,
            "priority": "Regular",
            "private_ip_address": "10.0.2.4",
            "private_ip_addresses": [
              "10.0.2.4"
            ],
            "provision_vm_agent": true,
            "proximity_placement_group_id": "",
            "public_ip_address": "13.90.37.37",
            "public_ip_addresses": [
              "13.90.37.37"
            ],
            "resource_group_name": "DOJO-HP",
            "secret": [],
            "secure_boot_enabled": false,
            "size": "Standard_B1s",
            "source_image_id": "",
            "source_image_reference": [
              {
                "offer": "windows-11",
                "publisher": "MicrosoftWindowsDesktop",
                "sku": "win11-21h2-pro",
                "version": "latest"
              }
            ],
            "tags": {},
            "termination_notification": [],
            "timeouts": null,
            "timezone": "",
            "user_data": "",
            "virtual_machine_id": "d60c9c1e-6ab2-4540-8edb-27428c91c94a",
            "virtual_machine_scale_set_id": "",
            "vtpm_enabled": false,
            "winrm_listener": [],
            "zone": ""
          },
          "sensitive_attributes": [],
          "private": "eyJlMmJmYjczMC1lY2FhLTExZTYtOGY4OC0zNDM2M2JjN2M0YzAiOnsiY3JlYXRlIjoyNzAwMDAwMDAwMDAwLCJkZWxldGUiOjI3MDAwMDAwMDAwMDAsInJlYWQiOjMwMDAwMDAwMDAwMCwidXBkYXRlIjoyNzAwMDAwMDAwMDAwfX0=",
          "dependencies": [
            "azurerm_network_interface.DOJO-nic",
            "azurerm_public_ip.DOJO-ip",
            "azurerm_resource_group.DOJO-HP",
            "azurerm_subnet.DOJO-subnet",
            "azurerm_virtual_network.DOJO-network"
          ]
        }
      ]
    }
  ]
}
